PODS:
  - Alamofire (3.1.2)
  - Bolts (1.5.0):
    - Bolts/AppLinks (= 1.5.0)
    - Bolts/Tasks (= 1.5.0)
  - Bolts/AppLinks (1.5.0):
    - Bolts/Tasks
  - Bolts/Tasks (1.5.0)
  - DateTools (1.7.0)
  - FBSDKCoreKit (4.8.0):
    - Bolts (~> 1.1)
    - FBSDKCoreKit/arc (= 4.8.0)
    - FBSDKCoreKit/no-arc (= 4.8.0)
  - FBSDKCoreKit/arc (4.8.0):
    - Bolts (~> 1.1)
  - FBSDKCoreKit/no-arc (4.8.0):
    - Bolts (~> 1.1)
    - FBSDKCoreKit/arc
  - FBSDKLoginKit (4.8.0):
    - FBSDKCoreKit
  - FBSDKShareKit (4.8.0):
    - FBSDKCoreKit
  - Firebase (2.4.3)
  - Gloss (0.6.1)
  - JSQMessagesViewController (7.2.0):
    - JSQSystemSoundPlayer (~> 2.0.1)
  - JSQSystemSoundPlayer (2.0.1)
  - Realm (0.96.3):
    - Realm/Headers (= 0.96.3)
  - Realm/Headers (0.96.3)
  - RealmSwift (0.96.3):
    - Realm (= 0.96.3)
  - RxBlocking (2.0.0-beta.3):
    - RxSwift (~> 2.0.0-beta)
  - RxCocoa (2.0.0-beta.3):
    - RxSwift (~> 2.0.0-beta)
  - RxSwift (2.0.0-beta.3)
  - SDWebImage (3.7.3):
    - SDWebImage/Core (= 3.7.3)
  - SDWebImage/Core (3.7.3)
  - SVProgressHUD (1.1.3)

DEPENDENCIES:
  - Alamofire
  - DateTools
  - FBSDKCoreKit (~> 4.8.0)
  - FBSDKLoginKit (~> 4.8.0)
  - FBSDKShareKit (~> 4.8.0)
  - Firebase
  - Gloss (~> 0.6)
  - JSQMessagesViewController
  - RealmSwift
  - RxBlocking (~> 2.0.0-beta)
  - RxCocoa (~> 2.0.0-beta)
  - RxSwift (~> 2.0.0-beta)
  - SDWebImage
  - SVProgressHUD

SPEC CHECKSUMS:
  Alamofire: 7c16ca65f3c7e681fd925fd7f2dec7747ff96855
  Bolts: 722ab9a4f8b50fc4ed1b9998a5a7a2b3f16d80b4
  DateTools: 53288ee8b905fdc75897a1e6b5cc0144b14cba60
  FBSDKCoreKit: 66a935d17b6e00b6b64e604f2eb9b72c9ab7deb8
  FBSDKLoginKit: d893fcbb98d854496925e9ff73c67b896982d3c4
  FBSDKShareKit: e7577ee3adf80fc04fb656dd133fbb522250672b
  Firebase: 48179995b561e2262c5d4060ecdffca45fbbff8b
  Gloss: c8a57b5fb78e178a90d277aa9881fc6fa906fb82
  JSQMessagesViewController: 73cab48aa92fc2d512f3b6724f3425cc47a19eb5
  JSQSystemSoundPlayer: c5850e77a4363ffd374cd851154b9af93264ed8d
  Realm: 145d3cdf78a03aee71bde5381ad7e542bd541720
  RealmSwift: aab84968aad662f61f36473d1aea019f63481505
  RxBlocking: 331f8bdedf77198f8ff1a37f09c492f1f4f631e5
  RxCocoa: 1472006304b296d03c847f78b21384523cc4902e
  RxSwift: 19fbe885b404d1d36d42ac8535134739a9b42952
  SDWebImage: 1d2b1a1efda1ade1b00b6f8498865f8ddedc8a84
  SVProgressHUD: 748080e4f36e603f6c02aec292664239df5279c1

COCOAPODS: 0.39.0
